
Microsoft Visual Studio Solution File, Format Version 12.00
# Visual Studio Version 16
VisualStudioVersion = 16.0.30523.141
MinimumVisualStudioVersion = 10.0.40219.1
Project("{FAE04EC0-301F-11D3-BF4B-00C04F79EFBC}") = "M03", "M03\M03.csproj", "{231E4FA3-0F67-432F-993E-6984B952FD24}"
EndProject
Global
	GlobalSection(SolutionConfigurationPlatforms) = preSolution
		Debug|Any CPU = Debug|Any CPU
		Release|Any CPU = Release|Any CPU
	EndGlobalSection
	GlobalSection(ProjectConfigurationPlatforms) = postSolution
		{231E4FA3-0F67-432F-993E-6984B952FD24}.Debug|Any CPU.ActiveCfg = Debug|Any CPU
		{231E4FA3-0F67-432F-993E-6984B952FD24}.Debug|Any CPU.Build.0 = Debug|Any CPU
		{231E4FA3-0F67-432F-993E-6984B952FD24}.Release|Any CPU.ActiveCfg = Release|Any CPU
		{231E4FA3-0F67-432F-993E-6984B952FD24}.Release|Any CPU.Build.0 = Release|Any CPU
	EndGlobalSection
	GlobalSection(SolutionProperties) = preSolution
		HideSolutionNode = FALSE
	EndGlobalSection
	GlobalSection(ExtensibilityGlobals) = postSolution
		SolutionGuid = {384B5F96-B662-4890-8888-2A8A29F4C391}
	EndGlobalSection
EndGlobal
